// !$*UTF8*$!
{
	archiveVersion = 1;
	classes = {
	};
	objectVersion = 46;
	objects = {

/* Begin PBXBuildFile section */
		9438FC371BD049DA00B239BE /* Contact.m in Sources */ = {isa = PBXBuildFile; fileRef = 9438FC361BD049DA00B239BE /* Contact.m */; settings = {ASSET_TAGS = (); }; };
		9438FD071BE07CFF00B239BE /* MainWindowController.m in Sources */ = {isa = PBXBuildFile; fileRef = 9438FD051BE07CFF00B239BE /* MainWindowController.m */; settings = {ASSET_TAGS = (); }; };
		9438FD081BE07CFF00B239BE /* MainWindowController.xib in Resources */ = {isa = PBXBuildFile; fileRef = 9438FD061BE07CFF00B239BE /* MainWindowController.xib */; settings = {ASSET_TAGS = (); }; };
		9438FD111BE07D2600B239BE /* MainViewController.m in Sources */ = {isa = PBXBuildFile; fileRef = 9438FD0F1BE07D2600B239BE /* MainViewController.m */; settings = {ASSET_TAGS = (); }; };
		9438FD121BE07D2600B239BE /* MainViewController.xib in Resources */ = {isa = PBXBuildFile; fileRef = 9438FD101BE07D2600B239BE /* MainViewController.xib */; settings = {ASSET_TAGS = (); }; };
		9438FD181BE07DAC00B239BE /* main.m in Sources */ = {isa = PBXBuildFile; fileRef = 9438FD171BE07DAC00B239BE /* main.m */; settings = {ASSET_TAGS = (); }; };
		944E19581BE540E9005132E1 /* blank_profile_outline.png in Resources */ = {isa = PBXBuildFile; fileRef = 944E19571BE540E9005132E1 /* blank_profile_outline.png */; settings = {ASSET_TAGS = (); }; };
		946D2A6C1BE55BF900270BF0 /* Statistics.m in Sources */ = {isa = PBXBuildFile; fileRef = 946D2A6B1BE55BF900270BF0 /* Statistics.m */; settings = {ASSET_TAGS = (); }; };
		946D2A6F1BE5DBC800270BF0 /* TextTableCellView.m in Sources */ = {isa = PBXBuildFile; fileRef = 946D2A6E1BE5DBC800270BF0 /* TextTableCellView.m */; settings = {ASSET_TAGS = (); }; };
		946D2A711BE5EAA700270BF0 /* TextTableCellView.xib in Resources */ = {isa = PBXBuildFile; fileRef = 946D2A701BE5EAA700270BF0 /* TextTableCellView.xib */; settings = {ASSET_TAGS = (); }; };
		947B53CB1BE1AA2700484D66 /* ChatTableViewCell.xib in Resources */ = {isa = PBXBuildFile; fileRef = 947B53C81BE1AA2700484D66 /* ChatTableViewCell.xib */; settings = {ASSET_TAGS = (); }; };
		947B53CC1BE1AA2700484D66 /* ChatTableViewCell.m in Sources */ = {isa = PBXBuildFile; fileRef = 947B53CA1BE1AA2700484D66 /* ChatTableViewCell.m */; settings = {ASSET_TAGS = (); }; };
		94A9923F1BBDC733003BA1D5 /* AppDelegate.m in Sources */ = {isa = PBXBuildFile; fileRef = 94A9923E1BBDC733003BA1D5 /* AppDelegate.m */; };
		94A992451BBDC733003BA1D5 /* ViewController.m in Sources */ = {isa = PBXBuildFile; fileRef = 94A992441BBDC733003BA1D5 /* ViewController.m */; };
		94A992471BBDC733003BA1D5 /* Assets.xcassets in Resources */ = {isa = PBXBuildFile; fileRef = 94A992461BBDC733003BA1D5 /* Assets.xcassets */; };
		94A9924A1BBDC734003BA1D5 /* Main.storyboard in Resources */ = {isa = PBXBuildFile; fileRef = 94A992481BBDC734003BA1D5 /* Main.storyboard */; };
		94A992551BBDC734003BA1D5 /* iMessageAnalyzerTests.m in Sources */ = {isa = PBXBuildFile; fileRef = 94A992541BBDC734003BA1D5 /* iMessageAnalyzerTests.m */; };
		94A992601BBDC734003BA1D5 /* iMessageAnalyzerUITests.m in Sources */ = {isa = PBXBuildFile; fileRef = 94A9925F1BBDC734003BA1D5 /* iMessageAnalyzerUITests.m */; };
		94DAC4A51BE7DAF90016ED35 /* calendar-icon.png in Resources */ = {isa = PBXBuildFile; fileRef = 94DAC4A41BE7DAF90016ED35 /* calendar-icon.png */; settings = {ASSET_TAGS = (); }; };
		94F01DDD1BE852CF00B47D9D /* CalendarPopUpViewController.m in Sources */ = {isa = PBXBuildFile; fileRef = 94F01DDB1BE852CF00B47D9D /* CalendarPopUpViewController.m */; settings = {ASSET_TAGS = (); }; };
		94F01DDE1BE852CF00B47D9D /* CalendarPopUpViewController.xib in Resources */ = {isa = PBXBuildFile; fileRef = 94F01DDC1BE852CF00B47D9D /* CalendarPopUpViewController.xib */; settings = {ASSET_TAGS = (); }; };
		94F3AC371BC1D9C600948A23 /* libsqlite3.0.tbd in Frameworks */ = {isa = PBXBuildFile; fileRef = 94F3AC351BC1D9C600948A23 /* libsqlite3.0.tbd */; };
		94F3AC381BC1D9C600948A23 /* libsqlite3.tbd in Frameworks */ = {isa = PBXBuildFile; fileRef = 94F3AC361BC1D9C600948A23 /* libsqlite3.tbd */; };
		94F3AC3B1BC32BD500948A23 /* Person.m in Sources */ = {isa = PBXBuildFile; fileRef = 94F3AC3A1BC32BD500948A23 /* Person.m */; settings = {ASSET_TAGS = (); }; };
		94F3AC3E1BC4803500948A23 /* Attachment.m in Sources */ = {isa = PBXBuildFile; fileRef = 94F3AC3D1BC4803500948A23 /* Attachment.m */; settings = {ASSET_TAGS = (); }; };
		94F3AC411BC481B900948A23 /* Message.m in Sources */ = {isa = PBXBuildFile; fileRef = 94F3AC401BC481B900948A23 /* Message.m */; settings = {ASSET_TAGS = (); }; };
		94F3AC441BC727BE00948A23 /* MessageManager.m in Sources */ = {isa = PBXBuildFile; fileRef = 94F3AC431BC727BE00948A23 /* MessageManager.m */; settings = {ASSET_TAGS = (); }; };
		94F3AC471BC7282A00948A23 /* DatabaseManager.m in Sources */ = {isa = PBXBuildFile; fileRef = 94F3AC461BC7282A00948A23 /* DatabaseManager.m */; settings = {ASSET_TAGS = (); }; };
/* End PBXBuildFile section */

/* Begin PBXContainerItemProxy section */
		94A992511BBDC734003BA1D5 /* PBXContainerItemProxy */ = {
			isa = PBXContainerItemProxy;
			containerPortal = 94A992321BBDC733003BA1D5 /* Project object */;
			proxyType = 1;
			remoteGlobalIDString = 94A992391BBDC733003BA1D5;
			remoteInfo = iMessageAnalyzer;
		};
		94A9925C1BBDC734003BA1D5 /* PBXContainerItemProxy */ = {
			isa = PBXContainerItemProxy;
			containerPortal = 94A992321BBDC733003BA1D5 /* Project object */;
			proxyType = 1;
			remoteGlobalIDString = 94A992391BBDC733003BA1D5;
			remoteInfo = iMessageAnalyzer;
		};
/* End PBXContainerItemProxy section */

/* Begin PBXFileReference section */
		9438FC351BD049DA00B239BE /* Contact.h */ = {isa = PBXFileReference; fileEncoding = 4; lastKnownFileType = sourcecode.c.h; path = Contact.h; sourceTree = "<group>"; };
		9438FC361BD049DA00B239BE /* Contact.m */ = {isa = PBXFileReference; fileEncoding = 4; lastKnownFileType = sourcecode.c.objc; path = Contact.m; sourceTree = "<group>"; };
		9438FD041BE07CFF00B239BE /* MainWindowController.h */ = {isa = PBXFileReference; fileEncoding = 4; lastKnownFileType = sourcecode.c.h; path = MainWindowController.h; sourceTree = "<group>"; };
		9438FD051BE07CFF00B239BE /* MainWindowController.m */ = {isa = PBXFileReference; fileEncoding = 4; lastKnownFileType = sourcecode.c.objc; path = MainWindowController.m; sourceTree = "<group>"; };
		9438FD061BE07CFF00B239BE /* MainWindowController.xib */ = {isa = PBXFileReference; fileEncoding = 4; lastKnownFileType = file.xib; path = MainWindowController.xib; sourceTree = "<group>"; };
		9438FD0E1BE07D2600B239BE /* MainViewController.h */ = {isa = PBXFileReference; fileEncoding = 4; lastKnownFileType = sourcecode.c.h; path = MainViewController.h; sourceTree = "<group>"; };
		9438FD0F1BE07D2600B239BE /* MainViewController.m */ = {isa = PBXFileReference; fileEncoding = 4; lastKnownFileType = sourcecode.c.objc; path = MainViewController.m; sourceTree = "<group>"; };
		9438FD101BE07D2600B239BE /* MainViewController.xib */ = {isa = PBXFileReference; fileEncoding = 4; lastKnownFileType = file.xib; path = MainViewController.xib; sourceTree = "<group>"; };
		9438FD171BE07DAC00B239BE /* main.m */ = {isa = PBXFileReference; fileEncoding = 4; lastKnownFileType = sourcecode.c.objc; path = main.m; sourceTree = "<group>"; };
		944E19571BE540E9005132E1 /* blank_profile_outline.png */ = {isa = PBXFileReference; lastKnownFileType = image.png; path = blank_profile_outline.png; sourceTree = "<group>"; };
		946D2A6A1BE55BF900270BF0 /* Statistics.h */ = {isa = PBXFileReference; fileEncoding = 4; lastKnownFileType = sourcecode.c.h; path = Statistics.h; sourceTree = "<group>"; };
		946D2A6B1BE55BF900270BF0 /* Statistics.m */ = {isa = PBXFileReference; fileEncoding = 4; lastKnownFileType = sourcecode.c.objc; path = Statistics.m; sourceTree = "<group>"; };
		946D2A6D1BE5DBC800270BF0 /* TextTableCellView.h */ = {isa = PBXFileReference; fileEncoding = 4; lastKnownFileType = sourcecode.c.h; path = TextTableCellView.h; sourceTree = "<group>"; };
		946D2A6E1BE5DBC800270BF0 /* TextTableCellView.m */ = {isa = PBXFileReference; fileEncoding = 4; lastKnownFileType = sourcecode.c.objc; path = TextTableCellView.m; sourceTree = "<group>"; };
		946D2A701BE5EAA700270BF0 /* TextTableCellView.xib */ = {isa = PBXFileReference; fileEncoding = 4; lastKnownFileType = file.xib; path = TextTableCellView.xib; sourceTree = "<group>"; };
		947B53C81BE1AA2700484D66 /* ChatTableViewCell.xib */ = {isa = PBXFileReference; fileEncoding = 4; lastKnownFileType = file.xib; path = ChatTableViewCell.xib; sourceTree = "<group>"; };
		947B53C91BE1AA2700484D66 /* ChatTableViewCell.h */ = {isa = PBXFileReference; fileEncoding = 4; lastKnownFileType = sourcecode.c.h; path = ChatTableViewCell.h; sourceTree = "<group>"; };
		947B53CA1BE1AA2700484D66 /* ChatTableViewCell.m */ = {isa = PBXFileReference; fileEncoding = 4; lastKnownFileType = sourcecode.c.objc; path = ChatTableViewCell.m; sourceTree = "<group>"; };
		94A9923A1BBDC733003BA1D5 /* iMessageAnalyzer.app */ = {isa = PBXFileReference; explicitFileType = wrapper.application; includeInIndex = 0; path = iMessageAnalyzer.app; sourceTree = BUILT_PRODUCTS_DIR; };
		94A9923D1BBDC733003BA1D5 /* AppDelegate.h */ = {isa = PBXFileReference; lastKnownFileType = sourcecode.c.h; path = AppDelegate.h; sourceTree = "<group>"; };
		94A9923E1BBDC733003BA1D5 /* AppDelegate.m */ = {isa = PBXFileReference; lastKnownFileType = sourcecode.c.objc; path = AppDelegate.m; sourceTree = "<group>"; };
		94A992431BBDC733003BA1D5 /* ViewController.h */ = {isa = PBXFileReference; lastKnownFileType = sourcecode.c.h; path = ViewController.h; sourceTree = "<group>"; };
		94A992441BBDC733003BA1D5 /* ViewController.m */ = {isa = PBXFileReference; lastKnownFileType = sourcecode.c.objc; path = ViewController.m; sourceTree = "<group>"; };
		94A992461BBDC733003BA1D5 /* Assets.xcassets */ = {isa = PBXFileReference; lastKnownFileType = folder.assetcatalog; path = Assets.xcassets; sourceTree = "<group>"; };
		94A992491BBDC734003BA1D5 /* Base */ = {isa = PBXFileReference; lastKnownFileType = file.storyboard; name = Base; path = Base.lproj/Main.storyboard; sourceTree = "<group>"; };
		94A9924B1BBDC734003BA1D5 /* Info.plist */ = {isa = PBXFileReference; lastKnownFileType = text.plist.xml; path = Info.plist; sourceTree = "<group>"; };
		94A992501BBDC734003BA1D5 /* iMessageAnalyzerTests.xctest */ = {isa = PBXFileReference; explicitFileType = wrapper.cfbundle; includeInIndex = 0; path = iMessageAnalyzerTests.xctest; sourceTree = BUILT_PRODUCTS_DIR; };
		94A992541BBDC734003BA1D5 /* iMessageAnalyzerTests.m */ = {isa = PBXFileReference; lastKnownFileType = sourcecode.c.objc; path = iMessageAnalyzerTests.m; sourceTree = "<group>"; };
		94A992561BBDC734003BA1D5 /* Info.plist */ = {isa = PBXFileReference; lastKnownFileType = text.plist.xml; path = Info.plist; sourceTree = "<group>"; };
		94A9925B1BBDC734003BA1D5 /* iMessageAnalyzerUITests.xctest */ = {isa = PBXFileReference; explicitFileType = wrapper.cfbundle; includeInIndex = 0; path = iMessageAnalyzerUITests.xctest; sourceTree = BUILT_PRODUCTS_DIR; };
		94A9925F1BBDC734003BA1D5 /* iMessageAnalyzerUITests.m */ = {isa = PBXFileReference; lastKnownFileType = sourcecode.c.objc; path = iMessageAnalyzerUITests.m; sourceTree = "<group>"; };
		94A992611BBDC734003BA1D5 /* Info.plist */ = {isa = PBXFileReference; lastKnownFileType = text.plist.xml; path = Info.plist; sourceTree = "<group>"; };
		94DAC4A41BE7DAF90016ED35 /* calendar-icon.png */ = {isa = PBXFileReference; lastKnownFileType = image.png; path = "calendar-icon.png"; sourceTree = "<group>"; };
		94F01DDA1BE852CF00B47D9D /* CalendarPopUpViewController.h */ = {isa = PBXFileReference; fileEncoding = 4; lastKnownFileType = sourcecode.c.h; path = CalendarPopUpViewController.h; sourceTree = "<group>"; };
		94F01DDB1BE852CF00B47D9D /* CalendarPopUpViewController.m */ = {isa = PBXFileReference; fileEncoding = 4; lastKnownFileType = sourcecode.c.objc; path = CalendarPopUpViewController.m; sourceTree = "<group>"; };
		94F01DDC1BE852CF00B47D9D /* CalendarPopUpViewController.xib */ = {isa = PBXFileReference; fileEncoding = 4; lastKnownFileType = file.xib; path = CalendarPopUpViewController.xib; sourceTree = "<group>"; };
		94F3AC351BC1D9C600948A23 /* libsqlite3.0.tbd */ = {isa = PBXFileReference; lastKnownFileType = "sourcecode.text-based-dylib-definition"; name = libsqlite3.0.tbd; path = usr/lib/libsqlite3.0.tbd; sourceTree = SDKROOT; };
		94F3AC361BC1D9C600948A23 /* libsqlite3.tbd */ = {isa = PBXFileReference; lastKnownFileType = "sourcecode.text-based-dylib-definition"; name = libsqlite3.tbd; path = usr/lib/libsqlite3.tbd; sourceTree = SDKROOT; };
		94F3AC391BC32BD500948A23 /* Person.h */ = {isa = PBXFileReference; fileEncoding = 4; lastKnownFileType = sourcecode.c.h; path = Person.h; sourceTree = "<group>"; };
		94F3AC3A1BC32BD500948A23 /* Person.m */ = {isa = PBXFileReference; fileEncoding = 4; lastKnownFileType = sourcecode.c.objc; path = Person.m; sourceTree = "<group>"; };
		94F3AC3C1BC4803500948A23 /* Attachment.h */ = {isa = PBXFileReference; fileEncoding = 4; lastKnownFileType = sourcecode.c.h; path = Attachment.h; sourceTree = "<group>"; };
		94F3AC3D1BC4803500948A23 /* Attachment.m */ = {isa = PBXFileReference; fileEncoding = 4; lastKnownFileType = sourcecode.c.objc; path = Attachment.m; sourceTree = "<group>"; };
		94F3AC3F1BC481B900948A23 /* Message.h */ = {isa = PBXFileReference; fileEncoding = 4; lastKnownFileType = sourcecode.c.h; path = Message.h; sourceTree = "<group>"; };
		94F3AC401BC481B900948A23 /* Message.m */ = {isa = PBXFileReference; fileEncoding = 4; lastKnownFileType = sourcecode.c.objc; path = Message.m; sourceTree = "<group>"; };
		94F3AC421BC727BE00948A23 /* MessageManager.h */ = {isa = PBXFileReference; fileEncoding = 4; lastKnownFileType = sourcecode.c.h; path = MessageManager.h; sourceTree = "<group>"; };
		94F3AC431BC727BE00948A23 /* MessageManager.m */ = {isa = PBXFileReference; fileEncoding = 4; lastKnownFileType = sourcecode.c.objc; path = MessageManager.m; sourceTree = "<group>"; };
		94F3AC451BC7282A00948A23 /* DatabaseManager.h */ = {isa = PBXFileReference; fileEncoding = 4; lastKnownFileType = sourcecode.c.h; path = DatabaseManager.h; sourceTree = "<group>"; };
		94F3AC461BC7282A00948A23 /* DatabaseManager.m */ = {isa = PBXFileReference; fileEncoding = 4; lastKnownFileType = sourcecode.c.objc; path = DatabaseManager.m; sourceTree = "<group>"; };
/* End PBXFileReference section */

/* Begin PBXFrameworksBuildPhase section */
		94A992371BBDC733003BA1D5 /* Frameworks */ = {
			isa = PBXFrameworksBuildPhase;
			buildActionMask = 2147483647;
			files = (
				94F3AC371BC1D9C600948A23 /* libsqlite3.0.tbd in Frameworks */,
				94F3AC381BC1D9C600948A23 /* libsqlite3.tbd in Frameworks */,
			);
			runOnlyForDeploymentPostprocessing = 0;
		};
		94A9924D1BBDC734003BA1D5 /* Frameworks */ = {
			isa = PBXFrameworksBuildPhase;
			buildActionMask = 2147483647;
			files = (
			);
			runOnlyForDeploymentPostprocessing = 0;
		};
		94A992581BBDC734003BA1D5 /* Frameworks */ = {
			isa = PBXFrameworksBuildPhase;
			buildActionMask = 2147483647;
			files = (
			);
			runOnlyForDeploymentPostprocessing = 0;
		};
/* End PBXFrameworksBuildPhase section */

/* Begin PBXGroup section */
		9438FD021BE077E400B239BE /* Objects */ = {
			isa = PBXGroup;
			children = (
				947B53CD1BE1ADC400484D66 /* Person */,
				947B53CE1BE1ADCB00484D66 /* Attachment */,
				947B53CF1BE1ADD300484D66 /* Message */,
				947B53D01BE1ADDE00484D66 /* Contact */,
				946D2A6A1BE55BF900270BF0 /* Statistics.h */,
				946D2A6B1BE55BF900270BF0 /* Statistics.m */,
			);
			name = Objects;
			sourceTree = "<group>";
		};
		9438FD031BE0780500B239BE /* SQLite */ = {
			isa = PBXGroup;
			children = (
				94F3AC351BC1D9C600948A23 /* libsqlite3.0.tbd */,
				94F3AC361BC1D9C600948A23 /* libsqlite3.tbd */,
			);
			name = SQLite;
			path = ..;
			sourceTree = "<group>";
		};
		947B53CD1BE1ADC400484D66 /* Person */ = {
			isa = PBXGroup;
			children = (
				94F3AC391BC32BD500948A23 /* Person.h */,
				94F3AC3A1BC32BD500948A23 /* Person.m */,
			);
			name = Person;
			sourceTree = "<group>";
		};
		947B53CE1BE1ADCB00484D66 /* Attachment */ = {
			isa = PBXGroup;
			children = (
				94F3AC3C1BC4803500948A23 /* Attachment.h */,
				94F3AC3D1BC4803500948A23 /* Attachment.m */,
			);
			name = Attachment;
			sourceTree = "<group>";
		};
		947B53CF1BE1ADD300484D66 /* Message */ = {
			isa = PBXGroup;
			children = (
				94F3AC3F1BC481B900948A23 /* Message.h */,
				94F3AC401BC481B900948A23 /* Message.m */,
			);
			name = Message;
			sourceTree = "<group>";
		};
		947B53D01BE1ADDE00484D66 /* Contact */ = {
			isa = PBXGroup;
			children = (
				9438FC351BD049DA00B239BE /* Contact.h */,
				9438FC361BD049DA00B239BE /* Contact.m */,
			);
			name = Contact;
			sourceTree = "<group>";
		};
		947B53D11BE1AE0D00484D66 /* Managers */ = {
			isa = PBXGroup;
			children = (
				94F3AC421BC727BE00948A23 /* MessageManager.h */,
				94F3AC431BC727BE00948A23 /* MessageManager.m */,
				94F3AC451BC7282A00948A23 /* DatabaseManager.h */,
				94F3AC461BC7282A00948A23 /* DatabaseManager.m */,
			);
			name = Managers;
			sourceTree = "<group>";
		};
		947B53D21BE1AE1F00484D66 /* Chats Cell */ = {
			isa = PBXGroup;
			children = (
				947B53C81BE1AA2700484D66 /* ChatTableViewCell.xib */,
				947B53C91BE1AA2700484D66 /* ChatTableViewCell.h */,
				947B53CA1BE1AA2700484D66 /* ChatTableViewCell.m */,
			);
			name = "Chats Cell";
			sourceTree = "<group>";
		};
		947B53D31BE1AE2E00484D66 /* App Delegate */ = {
			isa = PBXGroup;
			children = (
				94A9923D1BBDC733003BA1D5 /* AppDelegate.h */,
				94A9923E1BBDC733003BA1D5 /* AppDelegate.m */,
			);
			name = "App Delegate";
			sourceTree = "<group>";
		};
		947B53D41BE1AE3B00484D66 /* VIew Controller - Default */ = {
			isa = PBXGroup;
			children = (
				94A992431BBDC733003BA1D5 /* ViewController.h */,
				94A992441BBDC733003BA1D5 /* ViewController.m */,
			);
			name = "VIew Controller - Default";
			sourceTree = "<group>";
		};
		947B53D51BE1AE4C00484D66 /* Main Window Controller */ = {
			isa = PBXGroup;
			children = (
				9438FD041BE07CFF00B239BE /* MainWindowController.h */,
				9438FD051BE07CFF00B239BE /* MainWindowController.m */,
				9438FD061BE07CFF00B239BE /* MainWindowController.xib */,
			);
			name = "Main Window Controller";
			sourceTree = "<group>";
		};
		947B53D61BE1AE5400484D66 /* Main View Controller */ = {
			isa = PBXGroup;
			children = (
				9438FD0E1BE07D2600B239BE /* MainViewController.h */,
				9438FD0F1BE07D2600B239BE /* MainViewController.m */,
				9438FD101BE07D2600B239BE /* MainViewController.xib */,
			);
			name = "Main View Controller";
			sourceTree = "<group>";
		};
		947B53DB1BE53F6500484D66 /* Icons */ = {
			isa = PBXGroup;
			children = (
				94DAC4A41BE7DAF90016ED35 /* calendar-icon.png */,
				944E19571BE540E9005132E1 /* blank_profile_outline.png */,
			);
			name = Icons;
			sourceTree = "<group>";
		};
		94A992311BBDC733003BA1D5 = {
			isa = PBXGroup;
			children = (
				94A9923C1BBDC733003BA1D5 /* iMessageAnalyzer */,
				94A992531BBDC734003BA1D5 /* iMessageAnalyzerTests */,
				94A9925E1BBDC734003BA1D5 /* iMessageAnalyzerUITests */,
				94A9923B1BBDC733003BA1D5 /* Products */,
			);
			sourceTree = "<group>";
		};
		94A9923B1BBDC733003BA1D5 /* Products */ = {
			isa = PBXGroup;
			children = (
				94A9923A1BBDC733003BA1D5 /* iMessageAnalyzer.app */,
				94A992501BBDC734003BA1D5 /* iMessageAnalyzerTests.xctest */,
				94A9925B1BBDC734003BA1D5 /* iMessageAnalyzerUITests.xctest */,
			);
			name = Products;
			sourceTree = "<group>";
		};
		94A9923C1BBDC733003BA1D5 /* iMessageAnalyzer */ = {
			isa = PBXGroup;
			children = (
				946D2A701BE5EAA700270BF0 /* TextTableCellView.xib */,
				946D2A6D1BE5DBC800270BF0 /* TextTableCellView.h */,
				946D2A6E1BE5DBC800270BF0 /* TextTableCellView.m */,
				94F01DDA1BE852CF00B47D9D /* CalendarPopUpViewController.h */,
				94F01DDB1BE852CF00B47D9D /* CalendarPopUpViewController.m */,
				94F01DDC1BE852CF00B47D9D /* CalendarPopUpViewController.xib */,
				947B53D51BE1AE4C00484D66 /* Main Window Controller */,
				947B53D61BE1AE5400484D66 /* Main View Controller */,
				947B53D11BE1AE0D00484D66 /* Managers */,
				947B53D21BE1AE1F00484D66 /* Chats Cell */,
				9438FD021BE077E400B239BE /* Objects */,
				947B53D31BE1AE2E00484D66 /* App Delegate */,
				947B53D41BE1AE3B00484D66 /* VIew Controller - Default */,
				947B53DB1BE53F6500484D66 /* Icons */,
				94A992401BBDC733003BA1D5 /* Supporting Files */,
			);
			path = iMessageAnalyzer;
			sourceTree = "<group>";
		};
		94A992401BBDC733003BA1D5 /* Supporting Files */ = {
			isa = PBXGroup;
			children = (
				9438FD031BE0780500B239BE /* SQLite */,
				94A992461BBDC733003BA1D5 /* Assets.xcassets */,
				94A992481BBDC734003BA1D5 /* Main.storyboard */,
				94A9924B1BBDC734003BA1D5 /* Info.plist */,
				9438FD171BE07DAC00B239BE /* main.m */,
			);
			name = "Supporting Files";
			sourceTree = "<group>";
		};
		94A992531BBDC734003BA1D5 /* iMessageAnalyzerTests */ = {
			isa = PBXGroup;
			children = (
				94A992541BBDC734003BA1D5 /* iMessageAnalyzerTests.m */,
				94A992561BBDC734003BA1D5 /* Info.plist */,
			);
			path = iMessageAnalyzerTests;
			sourceTree = "<group>";
		};
		94A9925E1BBDC734003BA1D5 /* iMessageAnalyzerUITests */ = {
			isa = PBXGroup;
			children = (
				94A9925F1BBDC734003BA1D5 /* iMessageAnalyzerUITests.m */,
				94A992611BBDC734003BA1D5 /* Info.plist */,
			);
			path = iMessageAnalyzerUITests;
			sourceTree = "<group>";
		};
/* End PBXGroup section */

/* Begin PBXNativeTarget section */
		94A992391BBDC733003BA1D5 /* iMessageAnalyzer */ = {
			isa = PBXNativeTarget;
			buildConfigurationList = 94A992641BBDC734003BA1D5 /* Build configuration list for PBXNativeTarget "iMessageAnalyzer" */;
			buildPhases = (
				94A992361BBDC733003BA1D5 /* Sources */,
				94A992371BBDC733003BA1D5 /* Frameworks */,
				94A992381BBDC733003BA1D5 /* Resources */,
			);
			buildRules = (
			);
			dependencies = (
			);
			name = iMessageAnalyzer;
			productName = iMessageAnalyzer;
			productReference = 94A9923A1BBDC733003BA1D5 /* iMessageAnalyzer.app */;
			productType = "com.apple.product-type.application";
		};
		94A9924F1BBDC734003BA1D5 /* iMessageAnalyzerTests */ = {
			isa = PBXNativeTarget;
			buildConfigurationList = 94A992671BBDC734003BA1D5 /* Build configuration list for PBXNativeTarget "iMessageAnalyzerTests" */;
			buildPhases = (
				94A9924C1BBDC734003BA1D5 /* Sources */,
				94A9924D1BBDC734003BA1D5 /* Frameworks */,
				94A9924E1BBDC734003BA1D5 /* Resources */,
			);
			buildRules = (
			);
			dependencies = (
				94A992521BBDC734003BA1D5 /* PBXTargetDependency */,
			);
			name = iMessageAnalyzerTests;
			productName = iMessageAnalyzerTests;
			productReference = 94A992501BBDC734003BA1D5 /* iMessageAnalyzerTests.xctest */;
			productType = "com.apple.product-type.bundle.unit-test";
		};
		94A9925A1BBDC734003BA1D5 /* iMessageAnalyzerUITests */ = {
			isa = PBXNativeTarget;
			buildConfigurationList = 94A9926A1BBDC734003BA1D5 /* Build configuration list for PBXNativeTarget "iMessageAnalyzerUITests" */;
			buildPhases = (
				94A992571BBDC734003BA1D5 /* Sources */,
				94A992581BBDC734003BA1D5 /* Frameworks */,
				94A992591BBDC734003BA1D5 /* Resources */,
			);
			buildRules = (
			);
			dependencies = (
				94A9925D1BBDC734003BA1D5 /* PBXTargetDependency */,
			);
			name = iMessageAnalyzerUITests;
			productName = iMessageAnalyzerUITests;
			productReference = 94A9925B1BBDC734003BA1D5 /* iMessageAnalyzerUITests.xctest */;
			productType = "com.apple.product-type.bundle.ui-testing";
		};
/* End PBXNativeTarget section */

/* Begin PBXProject section */
		94A992321BBDC733003BA1D5 /* Project object */ = {
			isa = PBXProject;
			attributes = {
				LastUpgradeCheck = 0700;
				ORGANIZATIONNAME = "Ryan D'souza";
				TargetAttributes = {
					94A992391BBDC733003BA1D5 = {
						CreatedOnToolsVersion = 7.0.1;
					};
					94A9924F1BBDC734003BA1D5 = {
						CreatedOnToolsVersion = 7.0.1;
						TestTargetID = 94A992391BBDC733003BA1D5;
					};
					94A9925A1BBDC734003BA1D5 = {
						CreatedOnToolsVersion = 7.0.1;
						TestTargetID = 94A992391BBDC733003BA1D5;
					};
				};
			};
			buildConfigurationList = 94A992351BBDC733003BA1D5 /* Build configuration list for PBXProject "iMessageAnalyzer" */;
			compatibilityVersion = "Xcode 3.2";
			developmentRegion = English;
			hasScannedForEncodings = 0;
			knownRegions = (
				en,
				Base,
			);
			mainGroup = 94A992311BBDC733003BA1D5;
			productRefGroup = 94A9923B1BBDC733003BA1D5 /* Products */;
			projectDirPath = "";
			projectRoot = "";
			targets = (
				94A992391BBDC733003BA1D5 /* iMessageAnalyzer */,
				94A9924F1BBDC734003BA1D5 /* iMessageAnalyzerTests */,
				94A9925A1BBDC734003BA1D5 /* iMessageAnalyzerUITests */,
			);
		};
/* End PBXProject section */

/* Begin PBXResourcesBuildPhase section */
		94A992381BBDC733003BA1D5 /* Resources */ = {
			isa = PBXResourcesBuildPhase;
			buildActionMask = 2147483647;
			files = (
				94A992471BBDC733003BA1D5 /* Assets.xcassets in Resources */,
				944E19581BE540E9005132E1 /* blank_profile_outline.png in Resources */,
				9438FD081BE07CFF00B239BE /* MainWindowController.xib in Resources */,
				947B53CB1BE1AA2700484D66 /* ChatTableViewCell.xib in Resources */,
				94DAC4A51BE7DAF90016ED35 /* calendar-icon.png in Resources */,
				94A9924A1BBDC734003BA1D5 /* Main.storyboard in Resources */,
				9438FD121BE07D2600B239BE /* MainViewController.xib in Resources */,
				946D2A711BE5EAA700270BF0 /* TextTableCellView.xib in Resources */,
				94F01DDE1BE852CF00B47D9D /* CalendarPopUpViewController.xib in Resources */,
			);
			runOnlyForDeploymentPostprocessing = 0;
		};
		94A9924E1BBDC734003BA1D5 /* Resources */ = {
			isa = PBXResourcesBuildPhase;
			buildActionMask = 2147483647;
			files = (
			);
			runOnlyForDeploymentPostprocessing = 0;
		};
		94A992591BBDC734003BA1D5 /* Resources */ = {
			isa = PBXResourcesBuildPhase;
			buildActionMask = 2147483647;
			files = (
			);
			runOnlyForDeploymentPostprocessing = 0;
		};
/* End PBXResourcesBuildPhase section */

/* Begin PBXSourcesBuildPhase section */
		94A992361BBDC733003BA1D5 /* Sources */ = {
			isa = PBXSourcesBuildPhase;
			buildActionMask = 2147483647;
			files = (
				9438FD111BE07D2600B239BE /* MainViewController.m in Sources */,
				94F01DDD1BE852CF00B47D9D /* CalendarPopUpViewController.m in Sources */,
				946D2A6C1BE55BF900270BF0 /* Statistics.m in Sources */,
				9438FD071BE07CFF00B239BE /* MainWindowController.m in Sources */,
				94A992451BBDC733003BA1D5 /* ViewController.m in Sources */,
				94F3AC441BC727BE00948A23 /* MessageManager.m in Sources */,
				94F3AC411BC481B900948A23 /* Message.m in Sources */,
				947B53CC1BE1AA2700484D66 /* ChatTableViewCell.m in Sources */,
				94F3AC471BC7282A00948A23 /* DatabaseManager.m in Sources */,
				946D2A6F1BE5DBC800270BF0 /* TextTableCellView.m in Sources */,
				94F3AC3B1BC32BD500948A23 /* Person.m in Sources */,
				94A9923F1BBDC733003BA1D5 /* AppDelegate.m in Sources */,
				9438FC371BD049DA00B239BE /* Contact.m in Sources */,
				9438FD181BE07DAC00B239BE /* main.m in Sources */,
				94F3AC3E1BC4803500948A23 /* Attachment.m in Sources */,
			);
			runOnlyForDeploymentPostprocessing = 0;
		};
		94A9924C1BBDC734003BA1D5 /* Sources */ = {
			isa = PBXSourcesBuildPhase;
			buildActionMask = 2147483647;
			files = (
				94A992551BBDC734003BA1D5 /* iMessageAnalyzerTests.m in Sources */,
			);
			runOnlyForDeploymentPostprocessing = 0;
		};
		94A992571BBDC734003BA1D5 /* Sources */ = {
			isa = PBXSourcesBuildPhase;
			buildActionMask = 2147483647;
			files = (
				94A992601BBDC734003BA1D5 /* iMessageAnalyzerUITests.m in Sources */,
			);
			runOnlyForDeploymentPostprocessing = 0;
		};
/* End PBXSourcesBuildPhase section */

/* Begin PBXTargetDependency section */
		94A992521BBDC734003BA1D5 /* PBXTargetDependency */ = {
			isa = PBXTargetDependency;
			target = 94A992391BBDC733003BA1D5 /* iMessageAnalyzer */;
			targetProxy = 94A992511BBDC734003BA1D5 /* PBXContainerItemProxy */;
		};
		94A9925D1BBDC734003BA1D5 /* PBXTargetDependency */ = {
			isa = PBXTargetDependency;
			target = 94A992391BBDC733003BA1D5 /* iMessageAnalyzer */;
			targetProxy = 94A9925C1BBDC734003BA1D5 /* PBXContainerItemProxy */;
		};
/* End PBXTargetDependency section */

/* Begin PBXVariantGroup section */
		94A992481BBDC734003BA1D5 /* Main.storyboard */ = {
			isa = PBXVariantGroup;
			children = (
				94A992491BBDC734003BA1D5 /* Base */,
			);
			name = Main.storyboard;
			sourceTree = "<group>";
		};
/* End PBXVariantGroup section */

/* Begin XCBuildConfiguration section */
		94A992621BBDC734003BA1D5 /* Debug */ = {
			isa = XCBuildConfiguration;
			buildSettings = {
				ALWAYS_SEARCH_USER_PATHS = NO;
				CLANG_CXX_LANGUAGE_STANDARD = "gnu++0x";
				CLANG_CXX_LIBRARY = "libc++";
				CLANG_ENABLE_MODULES = YES;
				CLANG_ENABLE_OBJC_ARC = YES;
				CLANG_WARN_BOOL_CONVERSION = YES;
				CLANG_WARN_CONSTANT_CONVERSION = YES;
				CLANG_WARN_DIRECT_OBJC_ISA_USAGE = YES_ERROR;
				CLANG_WARN_EMPTY_BODY = YES;
				CLANG_WARN_ENUM_CONVERSION = YES;
				CLANG_WARN_INT_CONVERSION = YES;
				CLANG_WARN_OBJC_ROOT_CLASS = YES_ERROR;
				CLANG_WARN_UNREACHABLE_CODE = YES;
				CLANG_WARN__DUPLICATE_METHOD_MATCH = YES;
				CODE_SIGN_IDENTITY = "-";
				COPY_PHASE_STRIP = NO;
				DEBUG_INFORMATION_FORMAT = dwarf;
				ENABLE_STRICT_OBJC_MSGSEND = YES;
				ENABLE_TESTABILITY = YES;
				GCC_C_LANGUAGE_STANDARD = gnu99;
				GCC_DYNAMIC_NO_PIC = NO;
				GCC_NO_COMMON_BLOCKS = YES;
				GCC_OPTIMIZATION_LEVEL = 0;
				GCC_PREPROCESSOR_DEFINITIONS = (
					"DEBUG=1",
					"$(inherited)",
				);
				GCC_WARN_64_TO_32_BIT_CONVERSION = YES;
				GCC_WARN_ABOUT_RETURN_TYPE = YES_ERROR;
				GCC_WARN_UNDECLARED_SELECTOR = YES;
				GCC_WARN_UNINITIALIZED_AUTOS = YES_AGGRESSIVE;
				GCC_WARN_UNUSED_FUNCTION = YES;
				GCC_WARN_UNUSED_VARIABLE = YES;
				MACOSX_DEPLOYMENT_TARGET = 10.10;
				MTL_ENABLE_DEBUG_INFO = YES;
				ONLY_ACTIVE_ARCH = YES;
				SDKROOT = macosx;
			};
			name = Debug;
		};
		94A992631BBDC734003BA1D5 /* Release */ = {
			isa = XCBuildConfiguration;
			buildSettings = {
				ALWAYS_SEARCH_USER_PATHS = NO;
				CLANG_CXX_LANGUAGE_STANDARD = "gnu++0x";
				CLANG_CXX_LIBRARY = "libc++";
				CLANG_ENABLE_MODULES = YES;
				CLANG_ENABLE_OBJC_ARC = YES;
				CLANG_WARN_BOOL_CONVERSION = YES;
				CLANG_WARN_CONSTANT_CONVERSION = YES;
				CLANG_WARN_DIRECT_OBJC_ISA_USAGE = YES_ERROR;
				CLANG_WARN_EMPTY_BODY = YES;
				CLANG_WARN_ENUM_CONVERSION = YES;
				CLANG_WARN_INT_CONVERSION = YES;
				CLANG_WARN_OBJC_ROOT_CLASS = YES_ERROR;
				CLANG_WARN_UNREACHABLE_CODE = YES;
				CLANG_WARN__DUPLICATE_METHOD_MATCH = YES;
				CODE_SIGN_IDENTITY = "-";
				COPY_PHASE_STRIP = NO;
				DEBUG_INFORMATION_FORMAT = "dwarf-with-dsym";
				ENABLE_NS_ASSERTIONS = NO;
				ENABLE_STRICT_OBJC_MSGSEND = YES;
				GCC_C_LANGUAGE_STANDARD = gnu99;
				GCC_NO_COMMON_BLOCKS = YES;
				GCC_WARN_64_TO_32_BIT_CONVERSION = YES;
				GCC_WARN_ABOUT_RETURN_TYPE = YES_ERROR;
				GCC_WARN_UNDECLARED_SELECTOR = YES;
				GCC_WARN_UNINITIALIZED_AUTOS = YES_AGGRESSIVE;
				GCC_WARN_UNUSED_FUNCTION = YES;
				GCC_WARN_UNUSED_VARIABLE = YES;
				MACOSX_DEPLOYMENT_TARGET = 10.10;
				MTL_ENABLE_DEBUG_INFO = NO;
				SDKROOT = macosx;
			};
			name = Release;
		};
		94A992651BBDC734003BA1D5 /* Debug */ = {
			isa = XCBuildConfiguration;
			buildSettings = {
				ASSETCATALOG_COMPILER_APPICON_NAME = AppIcon;
				COMBINE_HIDPI_IMAGES = YES;
				INFOPLIST_FILE = iMessageAnalyzer/Info.plist;
				LD_RUNPATH_SEARCH_PATHS = "$(inherited) @executable_path/../Frameworks";
				PRODUCT_BUNDLE_IDENTIFIER = com.ryan.iMessageAnalyzer;
				PRODUCT_NAME = "$(TARGET_NAME)";
			};
			name = Debug;
		};
		94A992661BBDC734003BA1D5 /* Release */ = {
			isa = XCBuildConfiguration;
			buildSettings = {
				ASSETCATALOG_COMPILER_APPICON_NAME = AppIcon;
				COMBINE_HIDPI_IMAGES = YES;
				INFOPLIST_FILE = iMessageAnalyzer/Info.plist;
				LD_RUNPATH_SEARCH_PATHS = "$(inherited) @executable_path/../Frameworks";
				PRODUCT_BUNDLE_IDENTIFIER = com.ryan.iMessageAnalyzer;
				PRODUCT_NAME = "$(TARGET_NAME)";
			};
			name = Release;
		};
		94A992681BBDC734003BA1D5 /* Debug */ = {
			isa = XCBuildConfiguration;
			buildSettings = {
				BUNDLE_LOADER = "$(TEST_HOST)";
				COMBINE_HIDPI_IMAGES = YES;
				INFOPLIST_FILE = iMessageAnalyzerTests/Info.plist;
				LD_RUNPATH_SEARCH_PATHS = "$(inherited) @executable_path/../Frameworks @loader_path/../Frameworks";
				PRODUCT_BUNDLE_IDENTIFIER = com.ryan.iMessageAnalyzerTests;
				PRODUCT_NAME = "$(TARGET_NAME)";
				TEST_HOST = "$(BUILT_PRODUCTS_DIR)/iMessageAnalyzer.app/Contents/MacOS/iMessageAnalyzer";
			};
			name = Debug;
		};
		94A992691BBDC734003BA1D5 /* Release */ = {
			isa = XCBuildConfiguration;
			buildSettings = {
				BUNDLE_LOADER = "$(TEST_HOST)";
				COMBINE_HIDPI_IMAGES = YES;
				INFOPLIST_FILE = iMessageAnalyzerTests/Info.plist;
				LD_RUNPATH_SEARCH_PATHS = "$(inherited) @executable_path/../Frameworks @loader_path/../Frameworks";
				PRODUCT_BUNDLE_IDENTIFIER = com.ryan.iMessageAnalyzerTests;
				PRODUCT_NAME = "$(TARGET_NAME)";
				TEST_HOST = "$(BUILT_PRODUCTS_DIR)/iMessageAnalyzer.app/Contents/MacOS/iMessageAnalyzer";
			};
			name = Release;
		};
		94A9926B1BBDC734003BA1D5 /* Debug */ = {
			isa = XCBuildConfiguration;
			buildSettings = {
				COMBINE_HIDPI_IMAGES = YES;
				INFOPLIST_FILE = iMessageAnalyzerUITests/Info.plist;
				LD_RUNPATH_SEARCH_PATHS = "$(inherited) @executable_path/../Frameworks @loader_path/../Frameworks";
				PRODUCT_BUNDLE_IDENTIFIER = com.ryan.iMessageAnalyzerUITests;
				PRODUCT_NAME = "$(TARGET_NAME)";
				TEST_TARGET_NAME = iMessageAnalyzer;
				USES_XCTRUNNER = YES;
			};
			name = Debug;
		};
		94A9926C1BBDC734003BA1D5 /* Release */ = {
			isa = XCBuildConfiguration;
			buildSettings = {
				COMBINE_HIDPI_IMAGES = YES;
				INFOPLIST_FILE = iMessageAnalyzerUITests/Info.plist;
				LD_RUNPATH_SEARCH_PATHS = "$(inherited) @executable_path/../Frameworks @loader_path/../Frameworks";
				PRODUCT_BUNDLE_IDENTIFIER = com.ryan.iMessageAnalyzerUITests;
				PRODUCT_NAME = "$(TARGET_NAME)";
				TEST_TARGET_NAME = iMessageAnalyzer;
				USES_XCTRUNNER = YES;
			};
			name = Release;
		};
/* End XCBuildConfiguration section */

/* Begin XCConfigurationList section */
		94A992351BBDC733003BA1D5 /* Build configuration list for PBXProject "iMessageAnalyzer" */ = {
			isa = XCConfigurationList;
			buildConfigurations = (
				94A992621BBDC734003BA1D5 /* Debug */,
				94A992631BBDC734003BA1D5 /* Release */,
			);
			defaultConfigurationIsVisible = 0;
			defaultConfigurationName = Release;
		};
		94A992641BBDC734003BA1D5 /* Build configuration list for PBXNativeTarget "iMessageAnalyzer" */ = {
			isa = XCConfigurationList;
			buildConfigurations = (
				94A992651BBDC734003BA1D5 /* Debug */,
				94A992661BBDC734003BA1D5 /* Release */,
			);
			defaultConfigurationIsVisible = 0;
			defaultConfigurationName = Release;
		};
		94A992671BBDC734003BA1D5 /* Build configuration list for PBXNativeTarget "iMessageAnalyzerTests" */ = {
			isa = XCConfigurationList;
			buildConfigurations = (
				94A992681BBDC734003BA1D5 /* Debug */,
				94A992691BBDC734003BA1D5 /* Release */,
			);
			defaultConfigurationIsVisible = 0;
			defaultConfigurationName = Release;
		};
		94A9926A1BBDC734003BA1D5 /* Build configuration list for PBXNativeTarget "iMessageAnalyzerUITests" */ = {
			isa = XCConfigurationList;
			buildConfigurations = (
				94A9926B1BBDC734003BA1D5 /* Debug */,
				94A9926C1BBDC734003BA1D5 /* Release */,
			);
			defaultConfigurationIsVisible = 0;
			defaultConfigurationName = Release;
		};
/* End XCConfigurationList section */
	};
	rootObject = 94A992321BBDC733003BA1D5 /* Project object */;
}
